
Microsoft Visual Studio Solution File, Format Version 12.00
# Visual Studio Version 16
VisualStudioVersion = 16.0.30011.22
MinimumVisualStudioVersion = 10.0.40219.1
Project("{9A19103F-16F7-4668-BE54-9A1E7A4F7556}") = "Sugoi.Core", "Sugoi.Core\Sugoi.Core.csproj", "{863DC66C-4CF6-4650-93EA-78DAC22CE49A}"
	ProjectSection(ProjectDependencies) = postProject
		{398822A5-C582-4752-B5CD-66AB3B2BEBBD} = {398822A5-C582-4752-B5CD-66AB3B2BEBBD}
	EndProjectSection
EndProject
Project("{FAE04EC0-301F-11D3-BF4B-00C04F79EFBC}") = "CrazyZone.Uwp", "Uwp\Sugoi.Console\CrazyZone.Uwp.csproj", "{1A31366E-1D80-49D3-ACC2-2C554566F8E3}"
EndProject
Project("{2150E333-8FDC-42A3-9474-1A3956D46DE8}") = "Uwp", "Uwp", "{FBDB15AA-B3E1-436F-8651-0E83B22C7A50}"
EndProject
Project("{FAE04EC0-301F-11D3-BF4B-00C04F79EFBC}") = "Sugoi.Editor", "Uwp\Sugoi.Editor\Sugoi.Editor.csproj", "{805BD2B3-2DDA-4DD4-8141-8310B71A82A6}"
EndProject
Project("{FAE04EC0-301F-11D3-BF4B-00C04F79EFBC}") = "Sugoi.Console.Controls", "Uwp\Sugoi.Console.Controls\Sugoi.Console.Controls.csproj", "{614794D4-F806-4C32-A314-9828A2274CBD}"
EndProject
Project("{9A19103F-16F7-4668-BE54-9A1E7A4F7556}") = "Sugoi.Core.Scripts", "Sugoi.Core.Scripts\Sugoi.Core.Scripts.csproj", "{0D670852-7B50-49EB-A268-76CA0317C388}"
EndProject
Project("{9A19103F-16F7-4668-BE54-9A1E7A4F7556}") = "Sugoi.Core.IO", "Sugoi.Core.IO\Sugoi.Core.IO.csproj", "{93A2BC20-FC27-43F1-AD94-24114AAFA069}"
EndProject
Project("{9A19103F-16F7-4668-BE54-9A1E7A4F7556}") = "Sugoi.Core.Shared", "Sugoi.Core.Shared\Sugoi.Core.Shared.csproj", "{3633BA3B-0E19-48A5-976D-16F7EABF2FC8}"
EndProject
Project("{2150E333-8FDC-42A3-9474-1A3956D46DE8}") = "MonoGame", "MonoGame", "{E455BECB-26E6-4661-AB7A-58D63B093CA1}"
EndProject
Project("{9A19103F-16F7-4668-BE54-9A1E7A4F7556}") = "CrazyZone", "Games\CrazyZone\CrazyZone\CrazyZone.csproj", "{AECB6FED-3003-4442-BDB1-4C4A968E8510}"
EndProject
Project("{9A19103F-16F7-4668-BE54-9A1E7A4F7556}") = "Sugoi.Core.IO.Builders", "Sugoi.Core.IO.Builders\Sugoi.Core.IO.Builders.csproj", "{398822A5-C582-4752-B5CD-66AB3B2BEBBD}"
EndProject
Project("{2150E333-8FDC-42A3-9474-1A3956D46DE8}") = "Games", "Games", "{8205ADAB-D9EA-49B7-8BA7-8D06626FF32B}"
EndProject
Project("{2150E333-8FDC-42A3-9474-1A3956D46DE8}") = "CrossPlateform", "CrossPlateform", "{EC932001-3D3D-4312-9ABA-ABB4805CDBE9}"
EndProject
Project("{2150E333-8FDC-42A3-9474-1A3956D46DE8}") = "Blazor Wasm", "Blazor Wasm", "{CDFD9B7D-D111-4D37-8291-CF7F78C9FAB9}"
EndProject
Project("{2150E333-8FDC-42A3-9474-1A3956D46DE8}") = "Uwp", "Uwp", "{EB7A8BEA-A21A-4095-BF75-E5ED5DBBE72D}"
EndProject
Global
	GlobalSection(SolutionConfigurationPlatforms) = preSolution
		Debug|Any CPU = Debug|Any CPU
		Debug|ARM = Debug|ARM
		Debug|ARM64 = Debug|ARM64
		Debug|x64 = Debug|x64
		Debug|x86 = Debug|x86
		Release|Any CPU = Release|Any CPU
		Release|ARM = Release|ARM
		Release|ARM64 = Release|ARM64
		Release|x64 = Release|x64
		Release|x86 = Release|x86
	EndGlobalSection
	GlobalSection(ProjectConfigurationPlatforms) = postSolution
		{863DC66C-4CF6-4650-93EA-78DAC22CE49A}.Debug|Any CPU.ActiveCfg = Debug|Any CPU
		{863DC66C-4CF6-4650-93EA-78DAC22CE49A}.Debug|Any CPU.Build.0 = Debug|Any CPU
		{863DC66C-4CF6-4650-93EA-78DAC22CE49A}.Debug|ARM.ActiveCfg = Debug|Any CPU
		{863DC66C-4CF6-4650-93EA-78DAC22CE49A}.Debug|ARM.Build.0 = Debug|Any CPU
		{863DC66C-4CF6-4650-93EA-78DAC22CE49A}.Debug|ARM64.ActiveCfg = Debug|Any CPU
		{863DC66C-4CF6-4650-93EA-78DAC22CE49A}.Debug|ARM64.Build.0 = Debug|Any CPU
		{863DC66C-4CF6-4650-93EA-78DAC22CE49A}.Debug|x64.ActiveCfg = Debug|Any CPU
		{863DC66C-4CF6-4650-93EA-78DAC22CE49A}.Debug|x64.Build.0 = Debug|Any CPU
		{863DC66C-4CF6-4650-93EA-78DAC22CE49A}.Debug|x86.ActiveCfg = Debug|Any CPU
		{863DC66C-4CF6-4650-93EA-78DAC22CE49A}.Debug|x86.Build.0 = Debug|Any CPU
		{863DC66C-4CF6-4650-93EA-78DAC22CE49A}.Release|Any CPU.ActiveCfg = Release|Any CPU
		{863DC66C-4CF6-4650-93EA-78DAC22CE49A}.Release|Any CPU.Build.0 = Release|Any CPU
		{863DC66C-4CF6-4650-93EA-78DAC22CE49A}.Release|ARM.ActiveCfg = Release|Any CPU
		{863DC66C-4CF6-4650-93EA-78DAC22CE49A}.Release|ARM.Build.0 = Release|Any CPU
		{863DC66C-4CF6-4650-93EA-78DAC22CE49A}.Release|ARM64.ActiveCfg = Release|Any CPU
		{863DC66C-4CF6-4650-93EA-78DAC22CE49A}.Release|ARM64.Build.0 = Release|Any CPU
		{863DC66C-4CF6-4650-93EA-78DAC22CE49A}.Release|x64.ActiveCfg = Release|Any CPU
		{863DC66C-4CF6-4650-93EA-78DAC22CE49A}.Release|x64.Build.0 = Release|Any CPU
		{863DC66C-4CF6-4650-93EA-78DAC22CE49A}.Release|x86.ActiveCfg = Release|Any CPU
		{863DC66C-4CF6-4650-93EA-78DAC22CE49A}.Release|x86.Build.0 = Release|Any CPU
		{1A31366E-1D80-49D3-ACC2-2C554566F8E3}.Debug|Any CPU.ActiveCfg = Debug|x86
		{1A31366E-1D80-49D3-ACC2-2C554566F8E3}.Debug|ARM.ActiveCfg = Debug|ARM
		{1A31366E-1D80-49D3-ACC2-2C554566F8E3}.Debug|ARM.Build.0 = Debug|ARM
		{1A31366E-1D80-49D3-ACC2-2C554566F8E3}.Debug|ARM.Deploy.0 = Debug|ARM
		{1A31366E-1D80-49D3-ACC2-2C554566F8E3}.Debug|ARM64.ActiveCfg = Debug|ARM64
		{1A31366E-1D80-49D3-ACC2-2C554566F8E3}.Debug|ARM64.Build.0 = Debug|ARM64
		{1A31366E-1D80-49D3-ACC2-2C554566F8E3}.Debug|ARM64.Deploy.0 = Debug|ARM64
		{1A31366E-1D80-49D3-ACC2-2C554566F8E3}.Debug|x64.ActiveCfg = Debug|x64
		{1A31366E-1D80-49D3-ACC2-2C554566F8E3}.Debug|x64.Build.0 = Debug|x64
		{1A31366E-1D80-49D3-ACC2-2C554566F8E3}.Debug|x64.Deploy.0 = Debug|x64
		{1A31366E-1D80-49D3-ACC2-2C554566F8E3}.Debug|x86.ActiveCfg = Debug|x86
		{1A31366E-1D80-49D3-ACC2-2C554566F8E3}.Debug|x86.Build.0 = Debug|x86
		{1A31366E-1D80-49D3-ACC2-2C554566F8E3}.Debug|x86.Deploy.0 = Debug|x86
		{1A31366E-1D80-49D3-ACC2-2C554566F8E3}.Release|Any CPU.ActiveCfg = Release|x86
		{1A31366E-1D80-49D3-ACC2-2C554566F8E3}.Release|ARM.ActiveCfg = Release|ARM
		{1A31366E-1D80-49D3-ACC2-2C554566F8E3}.Release|ARM.Build.0 = Release|ARM
		{1A31366E-1D80-49D3-ACC2-2C554566F8E3}.Release|ARM.Deploy.0 = Release|ARM
		{1A31366E-1D80-49D3-ACC2-2C554566F8E3}.Release|ARM64.ActiveCfg = Release|ARM64
		{1A31366E-1D80-49D3-ACC2-2C554566F8E3}.Release|ARM64.Build.0 = Release|ARM64
		{1A31366E-1D80-49D3-ACC2-2C554566F8E3}.Release|ARM64.Deploy.0 = Release|ARM64
		{1A31366E-1D80-49D3-ACC2-2C554566F8E3}.Release|x64.ActiveCfg = Release|x64
		{1A31366E-1D80-49D3-ACC2-2C554566F8E3}.Release|x64.Build.0 = Release|x64
		{1A31366E-1D80-49D3-ACC2-2C554566F8E3}.Release|x64.Deploy.0 = Release|x64
		{1A31366E-1D80-49D3-ACC2-2C554566F8E3}.Release|x86.ActiveCfg = Release|x86
		{1A31366E-1D80-49D3-ACC2-2C554566F8E3}.Release|x86.Build.0 = Release|x86
		{1A31366E-1D80-49D3-ACC2-2C554566F8E3}.Release|x86.Deploy.0 = Release|x86
		{805BD2B3-2DDA-4DD4-8141-8310B71A82A6}.Debug|Any CPU.ActiveCfg = Debug|x86
		{805BD2B3-2DDA-4DD4-8141-8310B71A82A6}.Debug|ARM.ActiveCfg = Debug|ARM
		{805BD2B3-2DDA-4DD4-8141-8310B71A82A6}.Debug|ARM.Build.0 = Debug|ARM
		{805BD2B3-2DDA-4DD4-8141-8310B71A82A6}.Debug|ARM.Deploy.0 = Debug|ARM
		{805BD2B3-2DDA-4DD4-8141-8310B71A82A6}.Debug|ARM64.ActiveCfg = Debug|ARM64
		{805BD2B3-2DDA-4DD4-8141-8310B71A82A6}.Debug|ARM64.Build.0 = Debug|ARM64
		{805BD2B3-2DDA-4DD4-8141-8310B71A82A6}.Debug|ARM64.Deploy.0 = Debug|ARM64
		{805BD2B3-2DDA-4DD4-8141-8310B71A82A6}.Debug|x64.ActiveCfg = Debug|x64
		{805BD2B3-2DDA-4DD4-8141-8310B71A82A6}.Debug|x64.Build.0 = Debug|x64
		{805BD2B3-2DDA-4DD4-8141-8310B71A82A6}.Debug|x64.Deploy.0 = Debug|x64
		{805BD2B3-2DDA-4DD4-8141-8310B71A82A6}.Debug|x86.ActiveCfg = Debug|x86
		{805BD2B3-2DDA-4DD4-8141-8310B71A82A6}.Debug|x86.Build.0 = Debug|x86
		{805BD2B3-2DDA-4DD4-8141-8310B71A82A6}.Debug|x86.Deploy.0 = Debug|x86
		{805BD2B3-2DDA-4DD4-8141-8310B71A82A6}.Release|Any CPU.ActiveCfg = Release|x86
		{805BD2B3-2DDA-4DD4-8141-8310B71A82A6}.Release|ARM.ActiveCfg = Release|ARM
		{805BD2B3-2DDA-4DD4-8141-8310B71A82A6}.Release|ARM.Build.0 = Release|ARM
		{805BD2B3-2DDA-4DD4-8141-8310B71A82A6}.Release|ARM.Deploy.0 = Release|ARM
		{805BD2B3-2DDA-4DD4-8141-8310B71A82A6}.Release|ARM64.ActiveCfg = Release|ARM64
		{805BD2B3-2DDA-4DD4-8141-8310B71A82A6}.Release|ARM64.Build.0 = Release|ARM64
		{805BD2B3-2DDA-4DD4-8141-8310B71A82A6}.Release|ARM64.Deploy.0 = Release|ARM64
		{805BD2B3-2DDA-4DD4-8141-8310B71A82A6}.Release|x64.ActiveCfg = Release|x64
		{805BD2B3-2DDA-4DD4-8141-8310B71A82A6}.Release|x64.Build.0 = Release|x64
		{805BD2B3-2DDA-4DD4-8141-8310B71A82A6}.Release|x64.Deploy.0 = Release|x64
		{805BD2B3-2DDA-4DD4-8141-8310B71A82A6}.Release|x86.ActiveCfg = Release|x86
		{805BD2B3-2DDA-4DD4-8141-8310B71A82A6}.Release|x86.Build.0 = Release|x86
		{805BD2B3-2DDA-4DD4-8141-8310B71A82A6}.Release|x86.Deploy.0 = Release|x86
		{614794D4-F806-4C32-A314-9828A2274CBD}.Debug|Any CPU.ActiveCfg = Debug|Any CPU
		{614794D4-F806-4C32-A314-9828A2274CBD}.Debug|Any CPU.Build.0 = Debug|Any CPU
		{614794D4-F806-4C32-A314-9828A2274CBD}.Debug|ARM.ActiveCfg = Debug|ARM
		{614794D4-F806-4C32-A314-9828A2274CBD}.Debug|ARM.Build.0 = Debug|ARM
		{614794D4-F806-4C32-A314-9828A2274CBD}.Debug|ARM64.ActiveCfg = Debug|ARM64
		{614794D4-F806-4C32-A314-9828A2274CBD}.Debug|ARM64.Build.0 = Debug|ARM64
		{614794D4-F806-4C32-A314-9828A2274CBD}.Debug|x64.ActiveCfg = Debug|x64
		{614794D4-F806-4C32-A314-9828A2274CBD}.Debug|x64.Build.0 = Debug|x64
		{614794D4-F806-4C32-A314-9828A2274CBD}.Debug|x86.ActiveCfg = Debug|x86
		{614794D4-F806-4C32-A314-9828A2274CBD}.Debug|x86.Build.0 = Debug|x86
		{614794D4-F806-4C32-A314-9828A2274CBD}.Release|Any CPU.ActiveCfg = Release|Any CPU
		{614794D4-F806-4C32-A314-9828A2274CBD}.Release|Any CPU.Build.0 = Release|Any CPU
		{614794D4-F806-4C32-A314-9828A2274CBD}.Release|ARM.ActiveCfg = Release|ARM
		{614794D4-F806-4C32-A314-9828A2274CBD}.Release|ARM.Build.0 = Release|ARM
		{614794D4-F806-4C32-A314-9828A2274CBD}.Release|ARM64.ActiveCfg = Release|ARM64
		{614794D4-F806-4C32-A314-9828A2274CBD}.Release|ARM64.Build.0 = Release|ARM64
		{614794D4-F806-4C32-A314-9828A2274CBD}.Release|x64.ActiveCfg = Release|x64
		{614794D4-F806-4C32-A314-9828A2274CBD}.Release|x64.Build.0 = Release|x64
		{614794D4-F806-4C32-A314-9828A2274CBD}.Release|x86.ActiveCfg = Release|x86
		{614794D4-F806-4C32-A314-9828A2274CBD}.Release|x86.Build.0 = Release|x86
		{0D670852-7B50-49EB-A268-76CA0317C388}.Debug|Any CPU.ActiveCfg = Debug|Any CPU
		{0D670852-7B50-49EB-A268-76CA0317C388}.Debug|Any CPU.Build.0 = Debug|Any CPU
		{0D670852-7B50-49EB-A268-76CA0317C388}.Debug|ARM.ActiveCfg = Debug|Any CPU
		{0D670852-7B50-49EB-A268-76CA0317C388}.Debug|ARM.Build.0 = Debug|Any CPU
		{0D670852-7B50-49EB-A268-76CA0317C388}.Debug|ARM64.ActiveCfg = Debug|Any CPU
		{0D670852-7B50-49EB-A268-76CA0317C388}.Debug|ARM64.Build.0 = Debug|Any CPU
		{0D670852-7B50-49EB-A268-76CA0317C388}.Debug|x64.ActiveCfg = Debug|Any CPU
		{0D670852-7B50-49EB-A268-76CA0317C388}.Debug|x64.Build.0 = Debug|Any CPU
		{0D670852-7B50-49EB-A268-76CA0317C388}.Debug|x86.ActiveCfg = Debug|Any CPU
		{0D670852-7B50-49EB-A268-76CA0317C388}.Debug|x86.Build.0 = Debug|Any CPU
		{0D670852-7B50-49EB-A268-76CA0317C388}.Release|Any CPU.ActiveCfg = Release|Any CPU
		{0D670852-7B50-49EB-A268-76CA0317C388}.Release|Any CPU.Build.0 = Release|Any CPU
		{0D670852-7B50-49EB-A268-76CA0317C388}.Release|ARM.ActiveCfg = Release|Any CPU
		{0D670852-7B50-49EB-A268-76CA0317C388}.Release|ARM.Build.0 = Release|Any CPU
		{0D670852-7B50-49EB-A268-76CA0317C388}.Release|ARM64.ActiveCfg = Release|Any CPU
		{0D670852-7B50-49EB-A268-76CA0317C388}.Release|ARM64.Build.0 = Release|Any CPU
		{0D670852-7B50-49EB-A268-76CA0317C388}.Release|x64.ActiveCfg = Release|Any CPU
		{0D670852-7B50-49EB-A268-76CA0317C388}.Release|x64.Build.0 = Release|Any CPU
		{0D670852-7B50-49EB-A268-76CA0317C388}.Release|x86.ActiveCfg = Release|Any CPU
		{0D670852-7B50-49EB-A268-76CA0317C388}.Release|x86.Build.0 = Release|Any CPU
		{93A2BC20-FC27-43F1-AD94-24114AAFA069}.Debug|Any CPU.ActiveCfg = Debug|Any CPU
		{93A2BC20-FC27-43F1-AD94-24114AAFA069}.Debug|Any CPU.Build.0 = Debug|Any CPU
		{93A2BC20-FC27-43F1-AD94-24114AAFA069}.Debug|ARM.ActiveCfg = Debug|Any CPU
		{93A2BC20-FC27-43F1-AD94-24114AAFA069}.Debug|ARM.Build.0 = Debug|Any CPU
		{93A2BC20-FC27-43F1-AD94-24114AAFA069}.Debug|ARM64.ActiveCfg = Debug|Any CPU
		{93A2BC20-FC27-43F1-AD94-24114AAFA069}.Debug|ARM64.Build.0 = Debug|Any CPU
		{93A2BC20-FC27-43F1-AD94-24114AAFA069}.Debug|x64.ActiveCfg = Debug|Any CPU
		{93A2BC20-FC27-43F1-AD94-24114AAFA069}.Debug|x64.Build.0 = Debug|Any CPU
		{93A2BC20-FC27-43F1-AD94-24114AAFA069}.Debug|x86.ActiveCfg = Debug|Any CPU
		{93A2BC20-FC27-43F1-AD94-24114AAFA069}.Debug|x86.Build.0 = Debug|Any CPU
		{93A2BC20-FC27-43F1-AD94-24114AAFA069}.Release|Any CPU.ActiveCfg = Release|Any CPU
		{93A2BC20-FC27-43F1-AD94-24114AAFA069}.Release|Any CPU.Build.0 = Release|Any CPU
		{93A2BC20-FC27-43F1-AD94-24114AAFA069}.Release|ARM.ActiveCfg = Release|Any CPU
		{93A2BC20-FC27-43F1-AD94-24114AAFA069}.Release|ARM.Build.0 = Release|Any CPU
		{93A2BC20-FC27-43F1-AD94-24114AAFA069}.Release|ARM64.ActiveCfg = Release|Any CPU
		{93A2BC20-FC27-43F1-AD94-24114AAFA069}.Release|ARM64.Build.0 = Release|Any CPU
		{93A2BC20-FC27-43F1-AD94-24114AAFA069}.Release|x64.ActiveCfg = Release|Any CPU
		{93A2BC20-FC27-43F1-AD94-24114AAFA069}.Release|x64.Build.0 = Release|Any CPU
		{93A2BC20-FC27-43F1-AD94-24114AAFA069}.Release|x86.ActiveCfg = Release|Any CPU
		{93A2BC20-FC27-43F1-AD94-24114AAFA069}.Release|x86.Build.0 = Release|Any CPU
		{3633BA3B-0E19-48A5-976D-16F7EABF2FC8}.Debug|Any CPU.ActiveCfg = Debug|Any CPU
		{3633BA3B-0E19-48A5-976D-16F7EABF2FC8}.Debug|Any CPU.Build.0 = Debug|Any CPU
		{3633BA3B-0E19-48A5-976D-16F7EABF2FC8}.Debug|ARM.ActiveCfg = Debug|Any CPU
		{3633BA3B-0E19-48A5-976D-16F7EABF2FC8}.Debug|ARM.Build.0 = Debug|Any CPU
		{3633BA3B-0E19-48A5-976D-16F7EABF2FC8}.Debug|ARM64.ActiveCfg = Debug|Any CPU
		{3633BA3B-0E19-48A5-976D-16F7EABF2FC8}.Debug|ARM64.Build.0 = Debug|Any CPU
		{3633BA3B-0E19-48A5-976D-16F7EABF2FC8}.Debug|x64.ActiveCfg = Debug|Any CPU
		{3633BA3B-0E19-48A5-976D-16F7EABF2FC8}.Debug|x64.Build.0 = Debug|Any CPU
		{3633BA3B-0E19-48A5-976D-16F7EABF2FC8}.Debug|x86.ActiveCfg = Debug|Any CPU
		{3633BA3B-0E19-48A5-976D-16F7EABF2FC8}.Debug|x86.Build.0 = Debug|Any CPU
		{3633BA3B-0E19-48A5-976D-16F7EABF2FC8}.Release|Any CPU.ActiveCfg = Release|Any CPU
		{3633BA3B-0E19-48A5-976D-16F7EABF2FC8}.Release|Any CPU.Build.0 = Release|Any CPU
		{3633BA3B-0E19-48A5-976D-16F7EABF2FC8}.Release|ARM.ActiveCfg = Release|Any CPU
		{3633BA3B-0E19-48A5-976D-16F7EABF2FC8}.Release|ARM.Build.0 = Release|Any CPU
		{3633BA3B-0E19-48A5-976D-16F7EABF2FC8}.Release|ARM64.ActiveCfg = Release|Any CPU
		{3633BA3B-0E19-48A5-976D-16F7EABF2FC8}.Release|ARM64.Build.0 = Release|Any CPU
		{3633BA3B-0E19-48A5-976D-16F7EABF2FC8}.Release|x64.ActiveCfg = Release|Any CPU
		{3633BA3B-0E19-48A5-976D-16F7EABF2FC8}.Release|x64.Build.0 = Release|Any CPU
		{3633BA3B-0E19-48A5-976D-16F7EABF2FC8}.Release|x86.ActiveCfg = Release|Any CPU
		{3633BA3B-0E19-48A5-976D-16F7EABF2FC8}.Release|x86.Build.0 = Release|Any CPU
		{AECB6FED-3003-4442-BDB1-4C4A968E8510}.Debug|Any CPU.ActiveCfg = Debug|Any CPU
		{AECB6FED-3003-4442-BDB1-4C4A968E8510}.Debug|Any CPU.Build.0 = Debug|Any CPU
		{AECB6FED-3003-4442-BDB1-4C4A968E8510}.Debug|ARM.ActiveCfg = Debug|Any CPU
		{AECB6FED-3003-4442-BDB1-4C4A968E8510}.Debug|ARM.Build.0 = Debug|Any CPU
		{AECB6FED-3003-4442-BDB1-4C4A968E8510}.Debug|ARM64.ActiveCfg = Debug|Any CPU
		{AECB6FED-3003-4442-BDB1-4C4A968E8510}.Debug|ARM64.Build.0 = Debug|Any CPU
		{AECB6FED-3003-4442-BDB1-4C4A968E8510}.Debug|x64.ActiveCfg = Debug|Any CPU
		{AECB6FED-3003-4442-BDB1-4C4A968E8510}.Debug|x64.Build.0 = Debug|Any CPU
		{AECB6FED-3003-4442-BDB1-4C4A968E8510}.Debug|x86.ActiveCfg = Debug|Any CPU
		{AECB6FED-3003-4442-BDB1-4C4A968E8510}.Debug|x86.Build.0 = Debug|Any CPU
		{AECB6FED-3003-4442-BDB1-4C4A968E8510}.Release|Any CPU.ActiveCfg = Release|Any CPU
		{AECB6FED-3003-4442-BDB1-4C4A968E8510}.Release|Any CPU.Build.0 = Release|Any CPU
		{AECB6FED-3003-4442-BDB1-4C4A968E8510}.Release|ARM.ActiveCfg = Release|Any CPU
		{AECB6FED-3003-4442-BDB1-4C4A968E8510}.Release|ARM.Build.0 = Release|Any CPU
		{AECB6FED-3003-4442-BDB1-4C4A968E8510}.Release|ARM64.ActiveCfg = Release|Any CPU
		{AECB6FED-3003-4442-BDB1-4C4A968E8510}.Release|ARM64.Build.0 = Release|Any CPU
		{AECB6FED-3003-4442-BDB1-4C4A968E8510}.Release|x64.ActiveCfg = Release|Any CPU
		{AECB6FED-3003-4442-BDB1-4C4A968E8510}.Release|x64.Build.0 = Release|Any CPU
		{AECB6FED-3003-4442-BDB1-4C4A968E8510}.Release|x86.ActiveCfg = Release|Any CPU
		{AECB6FED-3003-4442-BDB1-4C4A968E8510}.Release|x86.Build.0 = Release|Any CPU
		{398822A5-C582-4752-B5CD-66AB3B2BEBBD}.Debug|Any CPU.ActiveCfg = Debug|Any CPU
		{398822A5-C582-4752-B5CD-66AB3B2BEBBD}.Debug|Any CPU.Build.0 = Debug|Any CPU
		{398822A5-C582-4752-B5CD-66AB3B2BEBBD}.Debug|ARM.ActiveCfg = Debug|Any CPU
		{398822A5-C582-4752-B5CD-66AB3B2BEBBD}.Debug|ARM.Build.0 = Debug|Any CPU
		{398822A5-C582-4752-B5CD-66AB3B2BEBBD}.Debug|ARM64.ActiveCfg = Debug|Any CPU
		{398822A5-C582-4752-B5CD-66AB3B2BEBBD}.Debug|ARM64.Build.0 = Debug|Any CPU
		{398822A5-C582-4752-B5CD-66AB3B2BEBBD}.Debug|x64.ActiveCfg = Debug|Any CPU
		{398822A5-C582-4752-B5CD-66AB3B2BEBBD}.Debug|x64.Build.0 = Debug|Any CPU
		{398822A5-C582-4752-B5CD-66AB3B2BEBBD}.Debug|x86.ActiveCfg = Debug|Any CPU
		{398822A5-C582-4752-B5CD-66AB3B2BEBBD}.Debug|x86.Build.0 = Debug|Any CPU
		{398822A5-C582-4752-B5CD-66AB3B2BEBBD}.Release|Any CPU.ActiveCfg = Release|Any CPU
		{398822A5-C582-4752-B5CD-66AB3B2BEBBD}.Release|Any CPU.Build.0 = Release|Any CPU
		{398822A5-C582-4752-B5CD-66AB3B2BEBBD}.Release|ARM.ActiveCfg = Release|Any CPU
		{398822A5-C582-4752-B5CD-66AB3B2BEBBD}.Release|ARM.Build.0 = Release|Any CPU
		{398822A5-C582-4752-B5CD-66AB3B2BEBBD}.Release|ARM64.ActiveCfg = Release|Any CPU
		{398822A5-C582-4752-B5CD-66AB3B2BEBBD}.Release|ARM64.Build.0 = Release|Any CPU
		{398822A5-C582-4752-B5CD-66AB3B2BEBBD}.Release|x64.ActiveCfg = Release|Any CPU
		{398822A5-C582-4752-B5CD-66AB3B2BEBBD}.Release|x64.Build.0 = Release|Any CPU
		{398822A5-C582-4752-B5CD-66AB3B2BEBBD}.Release|x86.ActiveCfg = Release|Any CPU
		{398822A5-C582-4752-B5CD-66AB3B2BEBBD}.Release|x86.Build.0 = Release|Any CPU
	EndGlobalSection
	GlobalSection(SolutionProperties) = preSolution
		HideSolutionNode = FALSE
	EndGlobalSection
	GlobalSection(NestedProjects) = preSolution
		{1A31366E-1D80-49D3-ACC2-2C554566F8E3} = {EB7A8BEA-A21A-4095-BF75-E5ED5DBBE72D}
		{FBDB15AA-B3E1-436F-8651-0E83B22C7A50} = {EC932001-3D3D-4312-9ABA-ABB4805CDBE9}
		{805BD2B3-2DDA-4DD4-8141-8310B71A82A6} = {FBDB15AA-B3E1-436F-8651-0E83B22C7A50}
		{614794D4-F806-4C32-A314-9828A2274CBD} = {FBDB15AA-B3E1-436F-8651-0E83B22C7A50}
		{E455BECB-26E6-4661-AB7A-58D63B093CA1} = {EC932001-3D3D-4312-9ABA-ABB4805CDBE9}
		{AECB6FED-3003-4442-BDB1-4C4A968E8510} = {8205ADAB-D9EA-49B7-8BA7-8D06626FF32B}
		{CDFD9B7D-D111-4D37-8291-CF7F78C9FAB9} = {EC932001-3D3D-4312-9ABA-ABB4805CDBE9}
		{EB7A8BEA-A21A-4095-BF75-E5ED5DBBE72D} = {8205ADAB-D9EA-49B7-8BA7-8D06626FF32B}
	EndGlobalSection
	GlobalSection(ExtensibilityGlobals) = postSolution
		SolutionGuid = {324AC0C1-69E3-4D49-B982-4E7E49B18AAF}
	EndGlobalSection
EndGlobal
