
Microsoft Visual Studio Solution File, Format Version 12.00
# Visual Studio Version 16
VisualStudioVersion = 16.0.30011.22
MinimumVisualStudioVersion = 10.0.40219.1
Project("{FAE04EC0-301F-11D3-BF4B-00C04F79EFBC}") = "Sugoi.Core", "Sugoi.Core\Sugoi.Core.csproj", "{863DC66C-4CF6-4650-93EA-78DAC22CE49A}"
EndProject
Project("{FAE04EC0-301F-11D3-BF4B-00C04F79EFBC}") = "Sugoi.Console", "Uwp\Sugoi.Console\Sugoi.Console.csproj", "{1A31366E-1D80-49D3-ACC2-2C554566F8E3}"
EndProject
Project("{2150E333-8FDC-42A3-9474-1A3956D46DE8}") = "Uwp", "Uwp", "{FBDB15AA-B3E1-436F-8651-0E83B22C7A50}"
EndProject
Project("{FAE04EC0-301F-11D3-BF4B-00C04F79EFBC}") = "Sugoi.Editor", "Uwp\Sugoi.Editor\Sugoi.Editor.csproj", "{805BD2B3-2DDA-4DD4-8141-8310B71A82A6}"
EndProject
Project("{FAE04EC0-301F-11D3-BF4B-00C04F79EFBC}") = "Sugoi.Console.Controls", "Uwp\Sugoi.Console.Controls\Sugoi.Console.Controls.csproj", "{614794D4-F806-4C32-A314-9828A2274CBD}"
EndProject
Global
	GlobalSection(SolutionConfigurationPlatforms) = preSolution
		Debug|Any CPU = Debug|Any CPU
		Debug|ARM = Debug|ARM
		Debug|ARM64 = Debug|ARM64
		Debug|x64 = Debug|x64
		Debug|x86 = Debug|x86
		Release|Any CPU = Release|Any CPU
		Release|ARM = Release|ARM
		Release|ARM64 = Release|ARM64
		Release|x64 = Release|x64
		Release|x86 = Release|x86
	EndGlobalSection
	GlobalSection(ProjectConfigurationPlatforms) = postSolution
		{863DC66C-4CF6-4650-93EA-78DAC22CE49A}.Debug|Any CPU.ActiveCfg = Debug|Any CPU
		{863DC66C-4CF6-4650-93EA-78DAC22CE49A}.Debug|Any CPU.Build.0 = Debug|Any CPU
		{863DC66C-4CF6-4650-93EA-78DAC22CE49A}.Debug|ARM.ActiveCfg = Debug|Any CPU
		{863DC66C-4CF6-4650-93EA-78DAC22CE49A}.Debug|ARM.Build.0 = Debug|Any CPU
		{863DC66C-4CF6-4650-93EA-78DAC22CE49A}.Debug|ARM64.ActiveCfg = Debug|Any CPU
		{863DC66C-4CF6-4650-93EA-78DAC22CE49A}.Debug|ARM64.Build.0 = Debug|Any CPU
		{863DC66C-4CF6-4650-93EA-78DAC22CE49A}.Debug|x64.ActiveCfg = Debug|Any CPU
		{863DC66C-4CF6-4650-93EA-78DAC22CE49A}.Debug|x64.Build.0 = Debug|Any CPU
		{863DC66C-4CF6-4650-93EA-78DAC22CE49A}.Debug|x86.ActiveCfg = Debug|Any CPU
		{863DC66C-4CF6-4650-93EA-78DAC22CE49A}.Debug|x86.Build.0 = Debug|Any CPU
		{863DC66C-4CF6-4650-93EA-78DAC22CE49A}.Release|Any CPU.ActiveCfg = Release|Any CPU
		{863DC66C-4CF6-4650-93EA-78DAC22CE49A}.Release|Any CPU.Build.0 = Release|Any CPU
		{863DC66C-4CF6-4650-93EA-78DAC22CE49A}.Release|ARM.ActiveCfg = Release|Any CPU
		{863DC66C-4CF6-4650-93EA-78DAC22CE49A}.Release|ARM.Build.0 = Release|Any CPU
		{863DC66C-4CF6-4650-93EA-78DAC22CE49A}.Release|ARM64.ActiveCfg = Release|Any CPU
		{863DC66C-4CF6-4650-93EA-78DAC22CE49A}.Release|ARM64.Build.0 = Release|Any CPU
		{863DC66C-4CF6-4650-93EA-78DAC22CE49A}.Release|x64.ActiveCfg = Release|Any CPU
		{863DC66C-4CF6-4650-93EA-78DAC22CE49A}.Release|x64.Build.0 = Release|Any CPU
		{863DC66C-4CF6-4650-93EA-78DAC22CE49A}.Release|x86.ActiveCfg = Release|Any CPU
		{863DC66C-4CF6-4650-93EA-78DAC22CE49A}.Release|x86.Build.0 = Release|Any CPU
		{1A31366E-1D80-49D3-ACC2-2C554566F8E3}.Debug|Any CPU.ActiveCfg = Debug|x86
		{1A31366E-1D80-49D3-ACC2-2C554566F8E3}.Debug|ARM.ActiveCfg = Debug|ARM
		{1A31366E-1D80-49D3-ACC2-2C554566F8E3}.Debug|ARM.Build.0 = Debug|ARM
		{1A31366E-1D80-49D3-ACC2-2C554566F8E3}.Debug|ARM.Deploy.0 = Debug|ARM
		{1A31366E-1D80-49D3-ACC2-2C554566F8E3}.Debug|ARM64.ActiveCfg = Debug|ARM64
		{1A31366E-1D80-49D3-ACC2-2C554566F8E3}.Debug|ARM64.Build.0 = Debug|ARM64
		{1A31366E-1D80-49D3-ACC2-2C554566F8E3}.Debug|ARM64.Deploy.0 = Debug|ARM64
		{1A31366E-1D80-49D3-ACC2-2C554566F8E3}.Debug|x64.ActiveCfg = Debug|x64
		{1A31366E-1D80-49D3-ACC2-2C554566F8E3}.Debug|x64.Build.0 = Debug|x64
		{1A31366E-1D80-49D3-ACC2-2C554566F8E3}.Debug|x64.Deploy.0 = Debug|x64
		{1A31366E-1D80-49D3-ACC2-2C554566F8E3}.Debug|x86.ActiveCfg = Debug|x86
		{1A31366E-1D80-49D3-ACC2-2C554566F8E3}.Debug|x86.Build.0 = Debug|x86
		{1A31366E-1D80-49D3-ACC2-2C554566F8E3}.Debug|x86.Deploy.0 = Debug|x86
		{1A31366E-1D80-49D3-ACC2-2C554566F8E3}.Release|Any CPU.ActiveCfg = Release|x86
		{1A31366E-1D80-49D3-ACC2-2C554566F8E3}.Release|ARM.ActiveCfg = Release|ARM
		{1A31366E-1D80-49D3-ACC2-2C554566F8E3}.Release|ARM.Build.0 = Release|ARM
		{1A31366E-1D80-49D3-ACC2-2C554566F8E3}.Release|ARM.Deploy.0 = Release|ARM
		{1A31366E-1D80-49D3-ACC2-2C554566F8E3}.Release|ARM64.ActiveCfg = Release|ARM64
		{1A31366E-1D80-49D3-ACC2-2C554566F8E3}.Release|ARM64.Build.0 = Release|ARM64
		{1A31366E-1D80-49D3-ACC2-2C554566F8E3}.Release|ARM64.Deploy.0 = Release|ARM64
		{1A31366E-1D80-49D3-ACC2-2C554566F8E3}.Release|x64.ActiveCfg = Release|x64
		{1A31366E-1D80-49D3-ACC2-2C554566F8E3}.Release|x64.Build.0 = Release|x64
		{1A31366E-1D80-49D3-ACC2-2C554566F8E3}.Release|x64.Deploy.0 = Release|x64
		{1A31366E-1D80-49D3-ACC2-2C554566F8E3}.Release|x86.ActiveCfg = Release|x86
		{1A31366E-1D80-49D3-ACC2-2C554566F8E3}.Release|x86.Build.0 = Release|x86
		{1A31366E-1D80-49D3-ACC2-2C554566F8E3}.Release|x86.Deploy.0 = Release|x86
		{805BD2B3-2DDA-4DD4-8141-8310B71A82A6}.Debug|Any CPU.ActiveCfg = Debug|x86
		{805BD2B3-2DDA-4DD4-8141-8310B71A82A6}.Debug|ARM.ActiveCfg = Debug|ARM
		{805BD2B3-2DDA-4DD4-8141-8310B71A82A6}.Debug|ARM.Build.0 = Debug|ARM
		{805BD2B3-2DDA-4DD4-8141-8310B71A82A6}.Debug|ARM.Deploy.0 = Debug|ARM
		{805BD2B3-2DDA-4DD4-8141-8310B71A82A6}.Debug|ARM64.ActiveCfg = Debug|ARM64
		{805BD2B3-2DDA-4DD4-8141-8310B71A82A6}.Debug|ARM64.Build.0 = Debug|ARM64
		{805BD2B3-2DDA-4DD4-8141-8310B71A82A6}.Debug|ARM64.Deploy.0 = Debug|ARM64
		{805BD2B3-2DDA-4DD4-8141-8310B71A82A6}.Debug|x64.ActiveCfg = Debug|x64
		{805BD2B3-2DDA-4DD4-8141-8310B71A82A6}.Debug|x64.Build.0 = Debug|x64
		{805BD2B3-2DDA-4DD4-8141-8310B71A82A6}.Debug|x64.Deploy.0 = Debug|x64
		{805BD2B3-2DDA-4DD4-8141-8310B71A82A6}.Debug|x86.ActiveCfg = Debug|x86
		{805BD2B3-2DDA-4DD4-8141-8310B71A82A6}.Debug|x86.Build.0 = Debug|x86
		{805BD2B3-2DDA-4DD4-8141-8310B71A82A6}.Debug|x86.Deploy.0 = Debug|x86
		{805BD2B3-2DDA-4DD4-8141-8310B71A82A6}.Release|Any CPU.ActiveCfg = Release|x86
		{805BD2B3-2DDA-4DD4-8141-8310B71A82A6}.Release|ARM.ActiveCfg = Release|ARM
		{805BD2B3-2DDA-4DD4-8141-8310B71A82A6}.Release|ARM.Build.0 = Release|ARM
		{805BD2B3-2DDA-4DD4-8141-8310B71A82A6}.Release|ARM.Deploy.0 = Release|ARM
		{805BD2B3-2DDA-4DD4-8141-8310B71A82A6}.Release|ARM64.ActiveCfg = Release|ARM64
		{805BD2B3-2DDA-4DD4-8141-8310B71A82A6}.Release|ARM64.Build.0 = Release|ARM64
		{805BD2B3-2DDA-4DD4-8141-8310B71A82A6}.Release|ARM64.Deploy.0 = Release|ARM64
		{805BD2B3-2DDA-4DD4-8141-8310B71A82A6}.Release|x64.ActiveCfg = Release|x64
		{805BD2B3-2DDA-4DD4-8141-8310B71A82A6}.Release|x64.Build.0 = Release|x64
		{805BD2B3-2DDA-4DD4-8141-8310B71A82A6}.Release|x64.Deploy.0 = Release|x64
		{805BD2B3-2DDA-4DD4-8141-8310B71A82A6}.Release|x86.ActiveCfg = Release|x86
		{805BD2B3-2DDA-4DD4-8141-8310B71A82A6}.Release|x86.Build.0 = Release|x86
		{805BD2B3-2DDA-4DD4-8141-8310B71A82A6}.Release|x86.Deploy.0 = Release|x86
		{614794D4-F806-4C32-A314-9828A2274CBD}.Debug|Any CPU.ActiveCfg = Debug|Any CPU
		{614794D4-F806-4C32-A314-9828A2274CBD}.Debug|Any CPU.Build.0 = Debug|Any CPU
		{614794D4-F806-4C32-A314-9828A2274CBD}.Debug|ARM.ActiveCfg = Debug|ARM
		{614794D4-F806-4C32-A314-9828A2274CBD}.Debug|ARM.Build.0 = Debug|ARM
		{614794D4-F806-4C32-A314-9828A2274CBD}.Debug|ARM64.ActiveCfg = Debug|ARM64
		{614794D4-F806-4C32-A314-9828A2274CBD}.Debug|ARM64.Build.0 = Debug|ARM64
		{614794D4-F806-4C32-A314-9828A2274CBD}.Debug|x64.ActiveCfg = Debug|x64
		{614794D4-F806-4C32-A314-9828A2274CBD}.Debug|x64.Build.0 = Debug|x64
		{614794D4-F806-4C32-A314-9828A2274CBD}.Debug|x86.ActiveCfg = Debug|x86
		{614794D4-F806-4C32-A314-9828A2274CBD}.Debug|x86.Build.0 = Debug|x86
		{614794D4-F806-4C32-A314-9828A2274CBD}.Release|Any CPU.ActiveCfg = Release|Any CPU
		{614794D4-F806-4C32-A314-9828A2274CBD}.Release|Any CPU.Build.0 = Release|Any CPU
		{614794D4-F806-4C32-A314-9828A2274CBD}.Release|ARM.ActiveCfg = Release|ARM
		{614794D4-F806-4C32-A314-9828A2274CBD}.Release|ARM.Build.0 = Release|ARM
		{614794D4-F806-4C32-A314-9828A2274CBD}.Release|ARM64.ActiveCfg = Release|ARM64
		{614794D4-F806-4C32-A314-9828A2274CBD}.Release|ARM64.Build.0 = Release|ARM64
		{614794D4-F806-4C32-A314-9828A2274CBD}.Release|x64.ActiveCfg = Release|x64
		{614794D4-F806-4C32-A314-9828A2274CBD}.Release|x64.Build.0 = Release|x64
		{614794D4-F806-4C32-A314-9828A2274CBD}.Release|x86.ActiveCfg = Release|x86
		{614794D4-F806-4C32-A314-9828A2274CBD}.Release|x86.Build.0 = Release|x86
	EndGlobalSection
	GlobalSection(SolutionProperties) = preSolution
		HideSolutionNode = FALSE
	EndGlobalSection
	GlobalSection(NestedProjects) = preSolution
		{1A31366E-1D80-49D3-ACC2-2C554566F8E3} = {FBDB15AA-B3E1-436F-8651-0E83B22C7A50}
		{805BD2B3-2DDA-4DD4-8141-8310B71A82A6} = {FBDB15AA-B3E1-436F-8651-0E83B22C7A50}
		{614794D4-F806-4C32-A314-9828A2274CBD} = {FBDB15AA-B3E1-436F-8651-0E83B22C7A50}
	EndGlobalSection
	GlobalSection(ExtensibilityGlobals) = postSolution
		SolutionGuid = {324AC0C1-69E3-4D49-B982-4E7E49B18AAF}
	EndGlobalSection
EndGlobal
